
Microsoft Visual Studio Solution File, Format Version 11.00
# Visual Studio 2010
Project("{8BC9CEB8-8B4A-11D0-8D11-00A0C91BC942}") = "pkmds_SAV_refactor", "pkmds_SAV_refactor\pkmds_SAV_refactor.vcxproj", "{EE793E6B-2A23-4083-AA6E-DBDEF3CDF2D4}"
EndProject
Global
	GlobalSection(SolutionConfigurationPlatforms) = preSolution
		Debug|Win32 = Debug|Win32
		Release|Win32 = Release|Win32
	EndGlobalSection
	GlobalSection(ProjectConfigurationPlatforms) = postSolution
		{EE793E6B-2A23-4083-AA6E-DBDEF3CDF2D4}.Debug|Win32.ActiveCfg = Debug|Win32
		{EE793E6B-2A23-4083-AA6E-DBDEF3CDF2D4}.Debug|Win32.Build.0 = Debug|Win32
		{EE793E6B-2A23-4083-AA6E-DBDEF3CDF2D4}.Release|Win32.ActiveCfg = Release|Win32
		{EE793E6B-2A23-4083-AA6E-DBDEF3CDF2D4}.Release|Win32.Build.0 = Release|Win32
	EndGlobalSection
	GlobalSection(SolutionProperties) = preSolution
		HideSolutionNode = FALSE
	EndGlobalSection
EndGlobal
