
Microsoft Visual Studio Solution File, Format Version 11.00
# Visual Studio 2010
Project("{8BC9CEB8-8B4A-11D0-8D11-00A0C91BC942}") = "SAV Object Refactor", "SAV Object Refactor\SAV Object Refactor.vcxproj", "{D57988C0-08BF-42EB-B2CA-49D5CCD857B1}"
EndProject
Global
	GlobalSection(SolutionConfigurationPlatforms) = preSolution
		Debug|Win32 = Debug|Win32
		Release|Win32 = Release|Win32
	EndGlobalSection
	GlobalSection(ProjectConfigurationPlatforms) = postSolution
		{D57988C0-08BF-42EB-B2CA-49D5CCD857B1}.Debug|Win32.ActiveCfg = Debug|Win32
		{D57988C0-08BF-42EB-B2CA-49D5CCD857B1}.Debug|Win32.Build.0 = Debug|Win32
		{D57988C0-08BF-42EB-B2CA-49D5CCD857B1}.Release|Win32.ActiveCfg = Release|Win32
		{D57988C0-08BF-42EB-B2CA-49D5CCD857B1}.Release|Win32.Build.0 = Release|Win32
	EndGlobalSection
	GlobalSection(SolutionProperties) = preSolution
		HideSolutionNode = FALSE
	EndGlobalSection
EndGlobal
